
Microsoft Visual Studio Solution File, Format Version 12.00
# Visual Studio 15
VisualStudioVersion = 15.0.28307.329
MinimumVisualStudioVersion = 10.0.40219.1
Project("{FAE04EC0-301F-11D3-BF4B-00C04F79EFBC}") = "01GettingStarted", "01GettingStarted\01GettingStarted.csproj", "{D959291A-447B-4422-81BB-FC16FBB11639}"
EndProject
Project("{FAE04EC0-301F-11D3-BF4B-00C04F79EFBC}") = "03Operators", "03Operators\03Operators.csproj", "{9F9AE8F8-3EDE-4A16-9522-A7D137760E2A}"
EndProject
Project("{FAE04EC0-301F-11D3-BF4B-00C04F79EFBC}") = "04Arrays", "04Arrays\04Arrays.csproj", "{79572A63-77EB-4CA3-9E22-9A3E30EC1B67}"
EndProject
Project("{FAE04EC0-301F-11D3-BF4B-00C04F79EFBC}") = "05ConditionsLoops", "05ConditionsLoops\05ConditionsLoops.csproj", "{CF411128-FA82-4D7E-B5CC-C2690821B86D}"
EndProject
Project("{FAE04EC0-301F-11D3-BF4B-00C04F79EFBC}") = "06Strings", "06Strings\06Strings.csproj", "{5BFCD2AD-AB1B-4897-8004-3C27D9C007C6}"
EndProject
Project("{FAE04EC0-301F-11D3-BF4B-00C04F79EFBC}") = "07Regex", "07Regex\07Regex.csproj", "{F5189C19-C04C-44C4-A11C-A1265A4A8E49}"
EndProject
Project("{FAE04EC0-301F-11D3-BF4B-00C04F79EFBC}") = "08Methods", "08Methods\08Methods.csproj", "{29712972-4332-44AD-9349-0A1A1401C502}"
EndProject
Project("{FAE04EC0-301F-11D3-BF4B-00C04F79EFBC}") = "09Exceptions", "09Exceptions\09Exceptions.csproj", "{DA12E208-08C2-4A79-89CF-0D743FC6219E}"
EndProject
Project("{FAE04EC0-301F-11D3-BF4B-00C04F79EFBC}") = "10OOP", "10OOP\10OOP.csproj", "{25ABC980-8582-4FFA-A8BD-33964A2BBA61}"
EndProject
Project("{FAE04EC0-301F-11D3-BF4B-00C04F79EFBC}") = "11Files", "11Files\11Files.csproj", "{8816FA67-3869-4FD3-BA57-B5EF5B5C0213}"
EndProject
Project("{FAE04EC0-301F-11D3-BF4B-00C04F79EFBC}") = "12Events", "12Events\12Events.csproj", "{77C4A6AC-B237-4534-9760-2C0E21C51362}"
EndProject
Project("{FAE04EC0-301F-11D3-BF4B-00C04F79EFBC}") = "13ValueRefType", "13ValueRefType\13ValueRefType.csproj", "{77A96B38-6C08-4B0D-96C0-B484E42A5026}"
EndProject
Project("{FAE04EC0-301F-11D3-BF4B-00C04F79EFBC}") = "00Theater", "00Theater\00Theater.csproj", "{661466F4-AD58-4D5E-A268-E15880916F32}"
EndProject
Project("{FAE04EC0-301F-11D3-BF4B-00C04F79EFBC}") = "14Collections", "14Collections\14Collections.csproj", "{F7D5FD30-14FD-4E3E-9E86-9D0A890DB0B5}"
EndProject
Project("{FAE04EC0-301F-11D3-BF4B-00C04F79EFBC}") = "16WinForms", "16WinForms\16WinForms.csproj", "{5155E0D0-C70E-4F4C-A148-6617C46C0582}"
EndProject
Project("{FAE04EC0-301F-11D3-BF4B-00C04F79EFBC}") = "15DelegatesEvents", "15DelegatesEvents\15DelegatesEvents.csproj", "{15F7B5F0-9DC5-4548-A1E8-DA960E72F8AD}"
EndProject
Project("{FAE04EC0-301F-11D3-BF4B-00C04F79EFBC}") = "15EventsDelegates", "15EventsDelegates\15EventsDelegates.csproj", "{5F96352E-F6EE-4634-AD83-0860F3749CAC}"
EndProject
Project("{FAE04EC0-301F-11D3-BF4B-00C04F79EFBC}") = "09TrowException", "09TrowException\09TrowException.csproj", "{5E10272C-B0A2-4A8A-9B91-281B62660D7D}"
EndProject
Project("{FAE04EC0-301F-11D3-BF4B-00C04F79EFBC}") = "17PerfCount", "17PerfCount\17PerfCount.csproj", "{771CDBB8-EBD6-4212-AD11-B6EE47343ABC}"
EndProject
Project("{FAE04EC0-301F-11D3-BF4B-00C04F79EFBC}") = "18Interfaces", "18Interfaces\18Interfaces.csproj", "{F489B043-6F29-4280-B765-BA0D8FEF6EF0}"
EndProject
Project("{FAE04EC0-301F-11D3-BF4B-00C04F79EFBC}") = "12EventsCrop", "12EventsCrop\12EventsCrop.csproj", "{BB74ECDE-FBDD-439E-8BE3-2928069165E0}"
EndProject
Project("{FAE04EC0-301F-11D3-BF4B-00C04F79EFBC}") = "02Primitives", "02Primitives\02Primitives.csproj", "{1C0E9DF4-7A95-4B01-894F-42F23C75CADA}"
EndProject
Project("{FAE04EC0-301F-11D3-BF4B-00C04F79EFBC}") = "18InterfacesIComparable", "18InterfacesIComparable\18InterfacesIComparable.csproj", "{8C9CDB0E-6E82-4FDF-BCDB-874D2147553C}"
EndProject
Project("{FAE04EC0-301F-11D3-BF4B-00C04F79EFBC}") = "18InterfacesIComparer", "18InterfacesIComparer\18InterfacesIComparer.csproj", "{D04C9131-3F76-482F-9E1E-B09B60254AB1}"
EndProject
Global
	GlobalSection(SolutionConfigurationPlatforms) = preSolution
		Debug|Any CPU = Debug|Any CPU
		Release|Any CPU = Release|Any CPU
	EndGlobalSection
	GlobalSection(ProjectConfigurationPlatforms) = postSolution
		{D959291A-447B-4422-81BB-FC16FBB11639}.Debug|Any CPU.ActiveCfg = Debug|Any CPU
		{D959291A-447B-4422-81BB-FC16FBB11639}.Debug|Any CPU.Build.0 = Debug|Any CPU
		{D959291A-447B-4422-81BB-FC16FBB11639}.Release|Any CPU.ActiveCfg = Release|Any CPU
		{D959291A-447B-4422-81BB-FC16FBB11639}.Release|Any CPU.Build.0 = Release|Any CPU
		{9F9AE8F8-3EDE-4A16-9522-A7D137760E2A}.Debug|Any CPU.ActiveCfg = Debug|Any CPU
		{9F9AE8F8-3EDE-4A16-9522-A7D137760E2A}.Debug|Any CPU.Build.0 = Debug|Any CPU
		{9F9AE8F8-3EDE-4A16-9522-A7D137760E2A}.Release|Any CPU.ActiveCfg = Release|Any CPU
		{9F9AE8F8-3EDE-4A16-9522-A7D137760E2A}.Release|Any CPU.Build.0 = Release|Any CPU
		{79572A63-77EB-4CA3-9E22-9A3E30EC1B67}.Debug|Any CPU.ActiveCfg = Debug|Any CPU
		{79572A63-77EB-4CA3-9E22-9A3E30EC1B67}.Debug|Any CPU.Build.0 = Debug|Any CPU
		{79572A63-77EB-4CA3-9E22-9A3E30EC1B67}.Release|Any CPU.ActiveCfg = Release|Any CPU
		{79572A63-77EB-4CA3-9E22-9A3E30EC1B67}.Release|Any CPU.Build.0 = Release|Any CPU
		{CF411128-FA82-4D7E-B5CC-C2690821B86D}.Debug|Any CPU.ActiveCfg = Debug|Any CPU
		{CF411128-FA82-4D7E-B5CC-C2690821B86D}.Debug|Any CPU.Build.0 = Debug|Any CPU
		{CF411128-FA82-4D7E-B5CC-C2690821B86D}.Release|Any CPU.ActiveCfg = Release|Any CPU
		{CF411128-FA82-4D7E-B5CC-C2690821B86D}.Release|Any CPU.Build.0 = Release|Any CPU
		{5BFCD2AD-AB1B-4897-8004-3C27D9C007C6}.Debug|Any CPU.ActiveCfg = Debug|Any CPU
		{5BFCD2AD-AB1B-4897-8004-3C27D9C007C6}.Debug|Any CPU.Build.0 = Debug|Any CPU
		{5BFCD2AD-AB1B-4897-8004-3C27D9C007C6}.Release|Any CPU.ActiveCfg = Release|Any CPU
		{5BFCD2AD-AB1B-4897-8004-3C27D9C007C6}.Release|Any CPU.Build.0 = Release|Any CPU
		{F5189C19-C04C-44C4-A11C-A1265A4A8E49}.Debug|Any CPU.ActiveCfg = Debug|Any CPU
		{F5189C19-C04C-44C4-A11C-A1265A4A8E49}.Debug|Any CPU.Build.0 = Debug|Any CPU
		{F5189C19-C04C-44C4-A11C-A1265A4A8E49}.Release|Any CPU.ActiveCfg = Release|Any CPU
		{F5189C19-C04C-44C4-A11C-A1265A4A8E49}.Release|Any CPU.Build.0 = Release|Any CPU
		{29712972-4332-44AD-9349-0A1A1401C502}.Debug|Any CPU.ActiveCfg = Debug|Any CPU
		{29712972-4332-44AD-9349-0A1A1401C502}.Debug|Any CPU.Build.0 = Debug|Any CPU
		{29712972-4332-44AD-9349-0A1A1401C502}.Release|Any CPU.ActiveCfg = Release|Any CPU
		{29712972-4332-44AD-9349-0A1A1401C502}.Release|Any CPU.Build.0 = Release|Any CPU
		{DA12E208-08C2-4A79-89CF-0D743FC6219E}.Debug|Any CPU.ActiveCfg = Debug|Any CPU
		{DA12E208-08C2-4A79-89CF-0D743FC6219E}.Debug|Any CPU.Build.0 = Debug|Any CPU
		{DA12E208-08C2-4A79-89CF-0D743FC6219E}.Release|Any CPU.ActiveCfg = Release|Any CPU
		{DA12E208-08C2-4A79-89CF-0D743FC6219E}.Release|Any CPU.Build.0 = Release|Any CPU
		{25ABC980-8582-4FFA-A8BD-33964A2BBA61}.Debug|Any CPU.ActiveCfg = Debug|Any CPU
		{25ABC980-8582-4FFA-A8BD-33964A2BBA61}.Debug|Any CPU.Build.0 = Debug|Any CPU
		{25ABC980-8582-4FFA-A8BD-33964A2BBA61}.Release|Any CPU.ActiveCfg = Release|Any CPU
		{25ABC980-8582-4FFA-A8BD-33964A2BBA61}.Release|Any CPU.Build.0 = Release|Any CPU
		{8816FA67-3869-4FD3-BA57-B5EF5B5C0213}.Debug|Any CPU.ActiveCfg = Debug|Any CPU
		{8816FA67-3869-4FD3-BA57-B5EF5B5C0213}.Debug|Any CPU.Build.0 = Debug|Any CPU
		{8816FA67-3869-4FD3-BA57-B5EF5B5C0213}.Release|Any CPU.ActiveCfg = Release|Any CPU
		{8816FA67-3869-4FD3-BA57-B5EF5B5C0213}.Release|Any CPU.Build.0 = Release|Any CPU
		{77C4A6AC-B237-4534-9760-2C0E21C51362}.Debug|Any CPU.ActiveCfg = Debug|Any CPU
		{77C4A6AC-B237-4534-9760-2C0E21C51362}.Debug|Any CPU.Build.0 = Debug|Any CPU
		{77C4A6AC-B237-4534-9760-2C0E21C51362}.Release|Any CPU.ActiveCfg = Release|Any CPU
		{77C4A6AC-B237-4534-9760-2C0E21C51362}.Release|Any CPU.Build.0 = Release|Any CPU
		{77A96B38-6C08-4B0D-96C0-B484E42A5026}.Debug|Any CPU.ActiveCfg = Debug|Any CPU
		{77A96B38-6C08-4B0D-96C0-B484E42A5026}.Debug|Any CPU.Build.0 = Debug|Any CPU
		{77A96B38-6C08-4B0D-96C0-B484E42A5026}.Release|Any CPU.ActiveCfg = Release|Any CPU
		{77A96B38-6C08-4B0D-96C0-B484E42A5026}.Release|Any CPU.Build.0 = Release|Any CPU
		{661466F4-AD58-4D5E-A268-E15880916F32}.Debug|Any CPU.ActiveCfg = Debug|Any CPU
		{661466F4-AD58-4D5E-A268-E15880916F32}.Debug|Any CPU.Build.0 = Debug|Any CPU
		{661466F4-AD58-4D5E-A268-E15880916F32}.Release|Any CPU.ActiveCfg = Release|Any CPU
		{661466F4-AD58-4D5E-A268-E15880916F32}.Release|Any CPU.Build.0 = Release|Any CPU
		{F7D5FD30-14FD-4E3E-9E86-9D0A890DB0B5}.Debug|Any CPU.ActiveCfg = Debug|Any CPU
		{F7D5FD30-14FD-4E3E-9E86-9D0A890DB0B5}.Debug|Any CPU.Build.0 = Debug|Any CPU
		{F7D5FD30-14FD-4E3E-9E86-9D0A890DB0B5}.Release|Any CPU.ActiveCfg = Release|Any CPU
		{F7D5FD30-14FD-4E3E-9E86-9D0A890DB0B5}.Release|Any CPU.Build.0 = Release|Any CPU
		{5155E0D0-C70E-4F4C-A148-6617C46C0582}.Debug|Any CPU.ActiveCfg = Debug|Any CPU
		{5155E0D0-C70E-4F4C-A148-6617C46C0582}.Debug|Any CPU.Build.0 = Debug|Any CPU
		{5155E0D0-C70E-4F4C-A148-6617C46C0582}.Release|Any CPU.ActiveCfg = Release|Any CPU
		{5155E0D0-C70E-4F4C-A148-6617C46C0582}.Release|Any CPU.Build.0 = Release|Any CPU
		{15F7B5F0-9DC5-4548-A1E8-DA960E72F8AD}.Debug|Any CPU.ActiveCfg = Debug|Any CPU
		{15F7B5F0-9DC5-4548-A1E8-DA960E72F8AD}.Debug|Any CPU.Build.0 = Debug|Any CPU
		{15F7B5F0-9DC5-4548-A1E8-DA960E72F8AD}.Release|Any CPU.ActiveCfg = Release|Any CPU
		{15F7B5F0-9DC5-4548-A1E8-DA960E72F8AD}.Release|Any CPU.Build.0 = Release|Any CPU
		{5F96352E-F6EE-4634-AD83-0860F3749CAC}.Debug|Any CPU.ActiveCfg = Debug|Any CPU
		{5F96352E-F6EE-4634-AD83-0860F3749CAC}.Debug|Any CPU.Build.0 = Debug|Any CPU
		{5F96352E-F6EE-4634-AD83-0860F3749CAC}.Release|Any CPU.ActiveCfg = Release|Any CPU
		{5F96352E-F6EE-4634-AD83-0860F3749CAC}.Release|Any CPU.Build.0 = Release|Any CPU
		{5E10272C-B0A2-4A8A-9B91-281B62660D7D}.Debug|Any CPU.ActiveCfg = Debug|Any CPU
		{5E10272C-B0A2-4A8A-9B91-281B62660D7D}.Debug|Any CPU.Build.0 = Debug|Any CPU
		{5E10272C-B0A2-4A8A-9B91-281B62660D7D}.Release|Any CPU.ActiveCfg = Release|Any CPU
		{5E10272C-B0A2-4A8A-9B91-281B62660D7D}.Release|Any CPU.Build.0 = Release|Any CPU
		{771CDBB8-EBD6-4212-AD11-B6EE47343ABC}.Debug|Any CPU.ActiveCfg = Debug|Any CPU
		{771CDBB8-EBD6-4212-AD11-B6EE47343ABC}.Debug|Any CPU.Build.0 = Debug|Any CPU
		{771CDBB8-EBD6-4212-AD11-B6EE47343ABC}.Release|Any CPU.ActiveCfg = Release|Any CPU
		{771CDBB8-EBD6-4212-AD11-B6EE47343ABC}.Release|Any CPU.Build.0 = Release|Any CPU
		{F489B043-6F29-4280-B765-BA0D8FEF6EF0}.Debug|Any CPU.ActiveCfg = Debug|Any CPU
		{F489B043-6F29-4280-B765-BA0D8FEF6EF0}.Debug|Any CPU.Build.0 = Debug|Any CPU
		{F489B043-6F29-4280-B765-BA0D8FEF6EF0}.Release|Any CPU.ActiveCfg = Release|Any CPU
		{F489B043-6F29-4280-B765-BA0D8FEF6EF0}.Release|Any CPU.Build.0 = Release|Any CPU
		{BB74ECDE-FBDD-439E-8BE3-2928069165E0}.Debug|Any CPU.ActiveCfg = Debug|Any CPU
		{BB74ECDE-FBDD-439E-8BE3-2928069165E0}.Debug|Any CPU.Build.0 = Debug|Any CPU
		{BB74ECDE-FBDD-439E-8BE3-2928069165E0}.Release|Any CPU.ActiveCfg = Release|Any CPU
		{BB74ECDE-FBDD-439E-8BE3-2928069165E0}.Release|Any CPU.Build.0 = Release|Any CPU
		{1C0E9DF4-7A95-4B01-894F-42F23C75CADA}.Debug|Any CPU.ActiveCfg = Debug|Any CPU
		{1C0E9DF4-7A95-4B01-894F-42F23C75CADA}.Debug|Any CPU.Build.0 = Debug|Any CPU
		{1C0E9DF4-7A95-4B01-894F-42F23C75CADA}.Release|Any CPU.ActiveCfg = Release|Any CPU
		{1C0E9DF4-7A95-4B01-894F-42F23C75CADA}.Release|Any CPU.Build.0 = Release|Any CPU
		{8C9CDB0E-6E82-4FDF-BCDB-874D2147553C}.Debug|Any CPU.ActiveCfg = Debug|Any CPU
		{8C9CDB0E-6E82-4FDF-BCDB-874D2147553C}.Debug|Any CPU.Build.0 = Debug|Any CPU
		{8C9CDB0E-6E82-4FDF-BCDB-874D2147553C}.Release|Any CPU.ActiveCfg = Release|Any CPU
		{8C9CDB0E-6E82-4FDF-BCDB-874D2147553C}.Release|Any CPU.Build.0 = Release|Any CPU
		{D04C9131-3F76-482F-9E1E-B09B60254AB1}.Debug|Any CPU.ActiveCfg = Debug|Any CPU
		{D04C9131-3F76-482F-9E1E-B09B60254AB1}.Debug|Any CPU.Build.0 = Debug|Any CPU
		{D04C9131-3F76-482F-9E1E-B09B60254AB1}.Release|Any CPU.ActiveCfg = Release|Any CPU
		{D04C9131-3F76-482F-9E1E-B09B60254AB1}.Release|Any CPU.Build.0 = Release|Any CPU
	EndGlobalSection
	GlobalSection(SolutionProperties) = preSolution
		HideSolutionNode = FALSE
	EndGlobalSection
	GlobalSection(ExtensibilityGlobals) = postSolution
		SolutionGuid = {473C1148-70E7-4D51-B0C0-93810344D0D7}
	EndGlobalSection
	GlobalSection(Performance) = preSolution
		HasPerformanceSessions = true
	EndGlobalSection
	GlobalSection(Performance) = preSolution
		HasPerformanceSessions = true
	EndGlobalSection
EndGlobal
